
Microsoft Visual Studio Solution File, Format Version 12.00
# Visual Studio Version 17
VisualStudioVersion = 17.0.31919.166
MinimumVisualStudioVersion = 10.0.40219.1
Project("{9A19103F-16F7-4668-BE54-9A1E7A4F7556}") = "Runner", "Runner\Runner.csproj", "{24CB4F6C-ACA3-4BD0-BC03-EA671ACB9789}"
EndProject
Project("{9A19103F-16F7-4668-BE54-9A1E7A4F7556}") = "Puzzles", "Puzzles\Puzzles.csproj", "{1B7D08F7-B924-420F-8898-AD0389B97B38}"
EndProject
Project("{9A19103F-16F7-4668-BE54-9A1E7A4F7556}") = "Common", "Common\Common.csproj", "{16505BA4-6BCD-43A6-AB1E-5646A11D2927}"
EndProject
Project("{FAE04EC0-301F-11D3-BF4B-00C04F79EFBC}") = "Test", "Test\Test.csproj", "{0913341B-DE12-48DD-869F-8A7E0542BF9E}"
EndProject
Global
	GlobalSection(SolutionConfigurationPlatforms) = preSolution
		Debug|Any CPU = Debug|Any CPU
		Release|Any CPU = Release|Any CPU
	EndGlobalSection
	GlobalSection(ProjectConfigurationPlatforms) = postSolution
		{24CB4F6C-ACA3-4BD0-BC03-EA671ACB9789}.Debug|Any CPU.ActiveCfg = Debug|Any CPU
		{24CB4F6C-ACA3-4BD0-BC03-EA671ACB9789}.Debug|Any CPU.Build.0 = Debug|Any CPU
		{24CB4F6C-ACA3-4BD0-BC03-EA671ACB9789}.Release|Any CPU.ActiveCfg = Release|Any CPU
		{24CB4F6C-ACA3-4BD0-BC03-EA671ACB9789}.Release|Any CPU.Build.0 = Release|Any CPU
		{1B7D08F7-B924-420F-8898-AD0389B97B38}.Debug|Any CPU.ActiveCfg = Debug|Any CPU
		{1B7D08F7-B924-420F-8898-AD0389B97B38}.Debug|Any CPU.Build.0 = Debug|Any CPU
		{1B7D08F7-B924-420F-8898-AD0389B97B38}.Release|Any CPU.ActiveCfg = Release|Any CPU
		{1B7D08F7-B924-420F-8898-AD0389B97B38}.Release|Any CPU.Build.0 = Release|Any CPU
		{16505BA4-6BCD-43A6-AB1E-5646A11D2927}.Debug|Any CPU.ActiveCfg = Debug|Any CPU
		{16505BA4-6BCD-43A6-AB1E-5646A11D2927}.Debug|Any CPU.Build.0 = Debug|Any CPU
		{16505BA4-6BCD-43A6-AB1E-5646A11D2927}.Release|Any CPU.ActiveCfg = Release|Any CPU
		{16505BA4-6BCD-43A6-AB1E-5646A11D2927}.Release|Any CPU.Build.0 = Release|Any CPU
		{0913341B-DE12-48DD-869F-8A7E0542BF9E}.Debug|Any CPU.ActiveCfg = Debug|Any CPU
		{0913341B-DE12-48DD-869F-8A7E0542BF9E}.Debug|Any CPU.Build.0 = Debug|Any CPU
		{0913341B-DE12-48DD-869F-8A7E0542BF9E}.Release|Any CPU.ActiveCfg = Release|Any CPU
		{0913341B-DE12-48DD-869F-8A7E0542BF9E}.Release|Any CPU.Build.0 = Release|Any CPU
	EndGlobalSection
	GlobalSection(SolutionProperties) = preSolution
		HideSolutionNode = FALSE
	EndGlobalSection
	GlobalSection(ExtensibilityGlobals) = postSolution
		SolutionGuid = {A4DD3EC7-416F-4D34-90BE-EB6522709DCE}
	EndGlobalSection
EndGlobal
